
Microsoft Visual Studio Solution File, Format Version 12.00
# Visual Studio Version 16
VisualStudioVersion = 16.0.32802.440
MinimumVisualStudioVersion = 10.0.40219.1
Project("{FAE04EC0-301F-11D3-BF4B-00C04F79EFBC}") = "PredictiveMaintenance", "PredictiveMaintenance\PredictiveMaintenance.csproj", "{8D179DB7-D88E-44CE-BCEB-3D95D17FEC6B}"
EndProject
Project("{9A19103F-16F7-4668-BE54-9A1E7A4F7556}") = "PredictiveMaintenanceModel__ConsoleApp1", "PredictiveMaintenanceModel__ConsoleApp1\PredictiveMaintenanceModel__ConsoleApp1.csproj", "{24C683B8-2220-4175-8D72-5782EB662DB2}"
EndProject
Global
	GlobalSection(SolutionConfigurationPlatforms) = preSolution
		Debug|Any CPU = Debug|Any CPU
		Release|Any CPU = Release|Any CPU
	EndGlobalSection
	GlobalSection(ProjectConfigurationPlatforms) = postSolution
		{8D179DB7-D88E-44CE-BCEB-3D95D17FEC6B}.Debug|Any CPU.ActiveCfg = Debug|Any CPU
		{8D179DB7-D88E-44CE-BCEB-3D95D17FEC6B}.Debug|Any CPU.Build.0 = Debug|Any CPU
		{8D179DB7-D88E-44CE-BCEB-3D95D17FEC6B}.Release|Any CPU.ActiveCfg = Release|Any CPU
		{8D179DB7-D88E-44CE-BCEB-3D95D17FEC6B}.Release|Any CPU.Build.0 = Release|Any CPU
		{24C683B8-2220-4175-8D72-5782EB662DB2}.Debug|Any CPU.ActiveCfg = Debug|Any CPU
		{24C683B8-2220-4175-8D72-5782EB662DB2}.Debug|Any CPU.Build.0 = Debug|Any CPU
		{24C683B8-2220-4175-8D72-5782EB662DB2}.Release|Any CPU.ActiveCfg = Release|Any CPU
		{24C683B8-2220-4175-8D72-5782EB662DB2}.Release|Any CPU.Build.0 = Release|Any CPU
	EndGlobalSection
	GlobalSection(SolutionProperties) = preSolution
		HideSolutionNode = FALSE
	EndGlobalSection
	GlobalSection(ExtensibilityGlobals) = postSolution
		SolutionGuid = {59AF0A1D-C9AD-4A88-ACC0-B7C25728C9D0}
	EndGlobalSection
EndGlobal
